{
  "nodes": {
    "deploy-rs": {
      "inputs": {
        "flake-compat": "flake-compat",
        "naersk": "naersk",
        "nixpkgs": "nixpkgs",
        "utils": "utils"
      },
      "locked": {
        "lastModified": 1624477559,
        "narHash": "sha256-5lxwWMhCc+y+oSmDO7b9LNy20o9b/V5OKO9XS7gLxzE=",
        "owner": "serokell",
        "repo": "deploy-rs",
        "rev": "0964acc95051bd2b2d3ea0c9ab691e7be6eda7c0",
        "type": "github"
      },
      "original": {
        "owner": "serokell",
        "repo": "deploy-rs",
        "type": "github"
      }
    },
    "flake-compat": {
      "flake": false,
      "locked": {
        "lastModified": 1606424373,
        "narHash": "sha256-oq8d4//CJOrVj+EcOaSXvMebvuTkmBJuT5tzlfewUnQ=",
        "owner": "edolstra",
        "repo": "flake-compat",
        "rev": "99f1c2157fba4bfe6211a321fd0ee43199025dbf",
        "type": "github"
      },
      "original": {
        "owner": "edolstra",
        "repo": "flake-compat",
        "type": "github"
      }
    },
    "home-manager": {
      "inputs": {
        "nixpkgs": "nixpkgs_2"
      },
      "locked": {
        "lastModified": 1624915020,
        "narHash": "sha256-d4kii6o0giPL2BVPey99dcSGw++AR2g19fOqj23rc+Q=",
        "owner": "nix-community",
        "repo": "home-manager",
        "rev": "9b7a90daa17022c428e3b6da36814f5f9a804a35",
        "type": "github"
      },
      "original": {
        "owner": "nix-community",
        "repo": "home-manager",
        "type": "github"
      }
    },
    "naersk": {
      "inputs": {
        "nixpkgs": [
          "nixpkgs"
        ]
      },
      "locked": {
        "lastModified": 1622810282,
        "narHash": "sha256-4wmvM3/xfD0hCdNDIXVzRMfL4yB1J+DjH6Zte2xbAxk=",
        "owner": "nmattia",
        "repo": "naersk",
        "rev": "e8061169e1495871b56be97c5c51d310fae01374",
        "type": "github"
      },
      "original": {
        "owner": "nmattia",
        "ref": "master",
        "repo": "naersk",
        "type": "github"
      }
    },
    "neovim-nightly-src": {
      "flake": false,
      "locked": {
        "lastModified": 1624927256,
        "narHash": "sha256-SZ2FQ9yIRVSQAE8eBkWI7gZAci57VctFpjbNULhAvTA=",
        "owner": "neovim",
        "repo": "neovim",
        "rev": "f83c25942dd8b94ad5218ce78b9e6fb86d2f0358",
        "type": "github"
      },
      "original": {
        "owner": "neovim",
        "repo": "neovim",
        "type": "github"
      }
    },
    "nixpkgs": {
      "locked": {
        "lastModified": 1622972307,
        "narHash": "sha256-ENOu0FPCf95iLLoq2txhJtnA2ZpOFhIVBqQVbKM8ra0=",
        "owner": "NixOS",
        "repo": "nixpkgs",
        "rev": "d8eb97e3801bde96491535f40483d550b57605b9",
        "type": "github"
      },
      "original": {
        "owner": "NixOS",
        "ref": "nixpkgs-unstable",
        "repo": "nixpkgs",
        "type": "github"
      }
    },
    "nixpkgs_2": {
      "locked": {
        "lastModified": 1624949473,
        "narHash": "sha256-po9mtQpiNyRjzHqFeMzBWNjijKd7NrNaBTungvmELZ4=",
        "owner": "NixOS",
        "repo": "nixpkgs",
        "rev": "4826d60ba2724b0e9f56438ae0394424e32efc6a",
        "type": "github"
      },
      "original": {
        "id": "nixpkgs",
        "type": "indirect"
      }
    },
    "nixpkgs_3": {
      "locked": {
        "lastModified": 1624668028,
        "narHash": "sha256-FUxvXMBPQ5jrGhS47jwBFZQte0yDkMCBI5M24mJi5X0=",
        "owner": "nixos",
        "repo": "nixpkgs",
        "rev": "e85975942742a3728226ac22a3415f2355bfc897",
        "type": "github"
      },
      "original": {
        "owner": "nixos",
        "ref": "nixpkgs-unstable",
        "repo": "nixpkgs",
        "type": "github"
      }
    },
    "nur": {
      "locked": {
        "lastModified": 1624951918,
        "narHash": "sha256-dDPXPaY88NKJoPJ8rw2hsjVq1MtcYoycMrbKHUkF+hI=",
        "owner": "nix-community",
        "repo": "NUR",
        "rev": "2fc10d16ac5541011ac62be8f9b3d9b87f9157ea",
        "type": "github"
      },
      "original": {
        "id": "nur",
        "type": "indirect"
      }
    },
    "root": {
      "inputs": {
        "deploy-rs": "deploy-rs",
        "home-manager": "home-manager",
        "neovim-nightly-src": "neovim-nightly-src",
        "nixpkgs": "nixpkgs_3",
        "nur": "nur"
      }
    },
    "utils": {
      "locked": {
        "lastModified": 1622445595,
        "narHash": "sha256-m+JRe6Wc5OZ/mKw2bB3+Tl0ZbtyxxxfnAWln8Q5qs+Y=",
        "owner": "numtide",
        "repo": "flake-utils",
        "rev": "7d706970d94bc5559077eb1a6600afddcd25a7c8",
        "type": "github"
      },
      "original": {
        "owner": "numtide",
        "repo": "flake-utils",
        "type": "github"
      }
    }
  },
  "root": "root",
  "version": 7
}
