{
  "nodes": {
    "home-manager": {
      "inputs": {
        "nixpkgs": [
          "nixpkgs"
        ]
      },
      "locked": {
        "lastModified": 1610050408,
        "narHash": "sha256-WYgqfK10n6gTrqULUe2JSH/BbyhAP4lipb/6Js6lBv8=",
        "owner": "rycee",
        "repo": "home-manager",
        "rev": "cf5dad76c1ee452224da39f13129c4ff84351a5c",
        "type": "github"
      },
      "original": {
        "owner": "rycee",
        "repo": "home-manager",
        "type": "github"
      }
    },
    "neovim-nightly-src": {
      "flake": false,
      "locked": {
        "lastModified": 1609964264,
        "narHash": "sha256-JuRK3Aci/HsKzAsj8tQm2d/Rq2v+gqInrwfYG3pv/uc=",
        "owner": "neovim",
        "repo": "neovim",
        "rev": "fe1ebea33914df137fdded98872fe38fa8470384",
        "type": "github"
      },
      "original": {
        "owner": "neovim",
        "repo": "neovim",
        "type": "github"
      }
    },
    "nixos-hardware": {
      "locked": {
        "lastModified": 1609915993,
        "narHash": "sha256-lQYxrkVy7I5YZN+Ojv3hrdQFohRpLWa8XR6gr0r8HsY=",
        "owner": "NixOS",
        "repo": "nixos-hardware",
        "rev": "fb1682bab43b9dd8daf43ae28f09e44541ce33a2",
        "type": "github"
      },
      "original": {
        "owner": "NixOS",
        "ref": "master",
        "repo": "nixos-hardware",
        "type": "github"
      }
    },
    "nixpkgs": {
      "locked": {
        "lastModified": 1610036743,
        "narHash": "sha256-5Db0KgCr4yEVtvV1XycueqseRfIJdx5JCGUSltybOjU=",
        "owner": "nixos",
        "repo": "nixpkgs",
        "rev": "cc8db6e19b876e0ee484d8e186fc689ce1e18f6b",
        "type": "github"
      },
      "original": {
        "owner": "nixos",
        "ref": "nixpkgs-unstable",
        "repo": "nixpkgs",
        "type": "github"
      }
    },
    "root": {
      "inputs": {
        "home-manager": "home-manager",
        "neovim-nightly-src": "neovim-nightly-src",
        "nixos-hardware": "nixos-hardware",
        "nixpkgs": "nixpkgs"
      }
    }
  },
  "root": "root",
  "version": 7
}
